[[tools.air]]
version = "1.63.1"
backend = "aqua:air-verse/air"

[tools.air.platforms.linux-x64]
checksum = "sha256:754ec1123ace74ac61caf14bce1d494f65a1477018aca359e96d75f7493e26e0"
size = 3725302
url = "https://github.com/air-verse/air/releases/download/v1.63.1/air_1.63.1_linux_amd64.tar.gz"

[[tools.go]]
version = "1.25.4"
backend = "core:go"

[tools.go.platforms.linux-x64]
checksum = "sha256:9fa5ffeda4170de60f67f3aa0f824e426421ba724c21e133c1e35d6159ca1bec"
size = 59766394
url = "https://dl.google.com/go/go1.25.4.linux-amd64.tar.gz"

[[tools."go:golang.org/x/tools/gopls"]]
version = "0.20.0"
backend = "go:golang.org/x/tools/gopls"
